
Microsoft Visual Studio Solution File, Format Version 12.00
# Visual Studio Version 16
VisualStudioVersion = 16.0.30717.126
MinimumVisualStudioVersion = 10.0.40219.1
Project("{FAE04EC0-301F-11D3-BF4B-00C04F79EFBC}") = "PWBolt", "PWBolt.csproj", "{A5AAD0D0-8B78-4A95-8605-7B3E45616EC5}"
EndProject
Global
	GlobalSection(SolutionConfigurationPlatforms) = preSolution
		Debug|Any CPU = Debug|Any CPU
		Release|Any CPU = Release|Any CPU
	EndGlobalSection
	GlobalSection(ProjectConfigurationPlatforms) = postSolution
		{A5AAD0D0-8B78-4A95-8605-7B3E45616EC5}.Debug|Any CPU.ActiveCfg = Debug|Any CPU
		{A5AAD0D0-8B78-4A95-8605-7B3E45616EC5}.Debug|Any CPU.Build.0 = Debug|Any CPU
		{A5AAD0D0-8B78-4A95-8605-7B3E45616EC5}.Release|Any CPU.ActiveCfg = Release|Any CPU
		{A5AAD0D0-8B78-4A95-8605-7B3E45616EC5}.Release|Any CPU.Build.0 = Release|Any CPU
	EndGlobalSection
	GlobalSection(SolutionProperties) = preSolution
		HideSolutionNode = FALSE
	EndGlobalSection
	GlobalSection(ExtensibilityGlobals) = postSolution
		SolutionGuid = {C56404EF-52C4-4086-9324-76C4076E0D88}
	EndGlobalSection
EndGlobal
